
Microsoft Visual Studio Solution File, Format Version 12.00
# Visual Studio Version 17
VisualStudioVersion = 17.14.36408.4 d17.14
MinimumVisualStudioVersion = 10.0.40219.1
Project("{FAE04EC0-301F-11D3-BF4B-00C04F79EFBC}") = "Sistema de Funcionários", "Sistema de Funcionários\Sistema de Funcionários.csproj", "{A66B8E83-55E5-4612-B024-2027CC2EC763}"
EndProject
Global
	GlobalSection(SolutionConfigurationPlatforms) = preSolution
		Debug|Any CPU = Debug|Any CPU
		Release|Any CPU = Release|Any CPU
	EndGlobalSection
	GlobalSection(ProjectConfigurationPlatforms) = postSolution
		{A66B8E83-55E5-4612-B024-2027CC2EC763}.Debug|Any CPU.ActiveCfg = Debug|Any CPU
		{A66B8E83-55E5-4612-B024-2027CC2EC763}.Debug|Any CPU.Build.0 = Debug|Any CPU
		{A66B8E83-55E5-4612-B024-2027CC2EC763}.Release|Any CPU.ActiveCfg = Release|Any CPU
		{A66B8E83-55E5-4612-B024-2027CC2EC763}.Release|Any CPU.Build.0 = Release|Any CPU
	EndGlobalSection
	GlobalSection(SolutionProperties) = preSolution
		HideSolutionNode = FALSE
	EndGlobalSection
	GlobalSection(ExtensibilityGlobals) = postSolution
		SolutionGuid = {786B0972-7570-43C0-98AF-7190E8FE6B2D}
	EndGlobalSection
EndGlobal
