
Microsoft Visual Studio Solution File, Format Version 12.00
# Visual Studio Version 17
VisualStudioVersion = 17.14.36408.4 d17.14
MinimumVisualStudioVersion = 10.0.40219.1
Project("{FAE04EC0-301F-11D3-BF4B-00C04F79EFBC}") = "WindowsFormsAula11.12.2025", "WindowsFormsAula11.12.2025\WindowsFormsAula11.12.2025.csproj", "{864842A0-127D-47B5-8591-6107C50FB19C}"
EndProject
Global
	GlobalSection(SolutionConfigurationPlatforms) = preSolution
		Debug|Any CPU = Debug|Any CPU
		Release|Any CPU = Release|Any CPU
	EndGlobalSection
	GlobalSection(ProjectConfigurationPlatforms) = postSolution
		{864842A0-127D-47B5-8591-6107C50FB19C}.Debug|Any CPU.ActiveCfg = Debug|Any CPU
		{864842A0-127D-47B5-8591-6107C50FB19C}.Debug|Any CPU.Build.0 = Debug|Any CPU
		{864842A0-127D-47B5-8591-6107C50FB19C}.Release|Any CPU.ActiveCfg = Release|Any CPU
		{864842A0-127D-47B5-8591-6107C50FB19C}.Release|Any CPU.Build.0 = Release|Any CPU
	EndGlobalSection
	GlobalSection(SolutionProperties) = preSolution
		HideSolutionNode = FALSE
	EndGlobalSection
	GlobalSection(ExtensibilityGlobals) = postSolution
		SolutionGuid = {1F2001F9-B6F0-440C-9085-CFF4288EB9ED}
	EndGlobalSection
EndGlobal
