
Microsoft Visual Studio Solution File, Format Version 12.00
# Visual Studio Version 17
VisualStudioVersion = 17.14.36408.4 d17.14
MinimumVisualStudioVersion = 10.0.40219.1
Project("{FAE04EC0-301F-11D3-BF4B-00C04F79EFBC}") = "Animal", "Animal\Animal.csproj", "{B386036B-289D-42FE-8FED-AAC42C050908}"
EndProject
Global
	GlobalSection(SolutionConfigurationPlatforms) = preSolution
		Debug|Any CPU = Debug|Any CPU
		Release|Any CPU = Release|Any CPU
	EndGlobalSection
	GlobalSection(ProjectConfigurationPlatforms) = postSolution
		{B386036B-289D-42FE-8FED-AAC42C050908}.Debug|Any CPU.ActiveCfg = Debug|Any CPU
		{B386036B-289D-42FE-8FED-AAC42C050908}.Debug|Any CPU.Build.0 = Debug|Any CPU
		{B386036B-289D-42FE-8FED-AAC42C050908}.Release|Any CPU.ActiveCfg = Release|Any CPU
		{B386036B-289D-42FE-8FED-AAC42C050908}.Release|Any CPU.Build.0 = Release|Any CPU
	EndGlobalSection
	GlobalSection(SolutionProperties) = preSolution
		HideSolutionNode = FALSE
	EndGlobalSection
	GlobalSection(ExtensibilityGlobals) = postSolution
		SolutionGuid = {7B91F3E4-6CEB-4BEF-9AF4-18D53F582F3F}
	EndGlobalSection
EndGlobal
