
Microsoft Visual Studio Solution File, Format Version 12.00
# Visual Studio Version 17
VisualStudioVersion = 17.14.36408.4 d17.14
MinimumVisualStudioVersion = 10.0.40219.1
Project("{FAE04EC0-301F-11D3-BF4B-00C04F79EFBC}") = "AulaPOO12.12.2025", "AulaPOO12.12.2025\AulaPOO12.12.2025.csproj", "{896A6A3B-77AB-4C56-8470-FC26498AC108}"
EndProject
Global
	GlobalSection(SolutionConfigurationPlatforms) = preSolution
		Debug|Any CPU = Debug|Any CPU
		Release|Any CPU = Release|Any CPU
	EndGlobalSection
	GlobalSection(ProjectConfigurationPlatforms) = postSolution
		{896A6A3B-77AB-4C56-8470-FC26498AC108}.Debug|Any CPU.ActiveCfg = Debug|Any CPU
		{896A6A3B-77AB-4C56-8470-FC26498AC108}.Debug|Any CPU.Build.0 = Debug|Any CPU
		{896A6A3B-77AB-4C56-8470-FC26498AC108}.Release|Any CPU.ActiveCfg = Release|Any CPU
		{896A6A3B-77AB-4C56-8470-FC26498AC108}.Release|Any CPU.Build.0 = Release|Any CPU
	EndGlobalSection
	GlobalSection(SolutionProperties) = preSolution
		HideSolutionNode = FALSE
	EndGlobalSection
	GlobalSection(ExtensibilityGlobals) = postSolution
		SolutionGuid = {181619D6-48F7-4789-9C03-22807FE7F09E}
	EndGlobalSection
EndGlobal
